
Microsoft Visual Studio Solution File, Format Version 12.00
# Visual Studio Version 17
VisualStudioVersion = 17.10.35013.160
MinimumVisualStudioVersion = 10.0.40219.1
Project("{54A90642-561A-4BB1-A94E-469ADEE60C69}") = "OnwelloFrontend", "OnwelloFrontend.esproj", "{74550A2C-24C9-4BB1-A4A1-BDF196F3F7FE}"
EndProject
Global
	GlobalSection(SolutionConfigurationPlatforms) = preSolution
		Debug|Any CPU = Debug|Any CPU
		Release|Any CPU = Release|Any CPU
	EndGlobalSection
	GlobalSection(ProjectConfigurationPlatforms) = postSolution
		{74550A2C-24C9-4BB1-A4A1-BDF196F3F7FE}.Debug|Any CPU.ActiveCfg = Debug|Any CPU
		{74550A2C-24C9-4BB1-A4A1-BDF196F3F7FE}.Debug|Any CPU.Build.0 = Debug|Any CPU
		{74550A2C-24C9-4BB1-A4A1-BDF196F3F7FE}.Debug|Any CPU.Deploy.0 = Debug|Any CPU
		{74550A2C-24C9-4BB1-A4A1-BDF196F3F7FE}.Release|Any CPU.ActiveCfg = Release|Any CPU
		{74550A2C-24C9-4BB1-A4A1-BDF196F3F7FE}.Release|Any CPU.Build.0 = Release|Any CPU
		{74550A2C-24C9-4BB1-A4A1-BDF196F3F7FE}.Release|Any CPU.Deploy.0 = Release|Any CPU
	EndGlobalSection
	GlobalSection(SolutionProperties) = preSolution
		HideSolutionNode = FALSE
	EndGlobalSection
	GlobalSection(ExtensibilityGlobals) = postSolution
		SolutionGuid = {3985E19E-2925-44D6-8EEC-19C136FF20FB}
	EndGlobalSection
EndGlobal
